
Microsoft Visual Studio Solution File, Format Version 12.00
# Visual Studio 15
Project("{FAE04EC0-301F-11D3-BF4B-00C04F79EFBC}") = "UnityEngine.UI", "UnityEngine.UI.csproj", "{26E8A184-ADB1-FCF2-F2BB-E401C176F6A3}"
EndProject
Project("{FAE04EC0-301F-11D3-BF4B-00C04F79EFBC}") = "UnityEngine.SpatialTracking", "UnityEngine.SpatialTracking.csproj", "{4FBE0F86-F748-3919-6E4A-0D6E8AA14D67}"
EndProject
Project("{FAE04EC0-301F-11D3-BF4B-00C04F79EFBC}") = "Assembly-CSharp", "Assembly-CSharp.csproj", "{ECEDF4F1-9862-E424-0274-0184961B02AB}"
EndProject
Project("{FAE04EC0-301F-11D3-BF4B-00C04F79EFBC}") = "UnityEngine.TestRunner", "UnityEngine.TestRunner.csproj", "{77205024-39F7-34A3-127C-093E12726C6F}"
EndProject
Project("{FAE04EC0-301F-11D3-BF4B-00C04F79EFBC}") = "Unity.Mathematics", "Unity.Mathematics.csproj", "{48EBDA85-CFF0-CB8D-FE70-526E0B7E65DA}"
EndProject
Project("{FAE04EC0-301F-11D3-BF4B-00C04F79EFBC}") = "UnityEngine.XR.LegacyInputHelpers", "UnityEngine.XR.LegacyInputHelpers.csproj", "{1F31B2F1-5F07-CD43-1E2C-1DDF6D2CE9EA}"
EndProject
Project("{FAE04EC0-301F-11D3-BF4B-00C04F79EFBC}") = "Unity.Timeline", "Unity.Timeline.csproj", "{CD17BF92-E484-34A7-36C2-FB86EB25305E}"
EndProject
Project("{FAE04EC0-301F-11D3-BF4B-00C04F79EFBC}") = "Unity.TextMeshPro", "Unity.TextMeshPro.csproj", "{A72A30BD-9E51-724D-CBAC-0A7BC4101730}"
EndProject
Project("{FAE04EC0-301F-11D3-BF4B-00C04F79EFBC}") = "Unity.XR.Oculus", "Unity.XR.Oculus.csproj", "{7A5B0FE1-A3EB-FF3C-2EC6-D14CA6D1C091}"
EndProject
Project("{FAE04EC0-301F-11D3-BF4B-00C04F79EFBC}") = "Unity.Burst", "Unity.Burst.csproj", "{77D8E47C-9FF9-4A72-7CCB-9813124D54C7}"
EndProject
Project("{FAE04EC0-301F-11D3-BF4B-00C04F79EFBC}") = "Unity.2D.Animation.Runtime", "Unity.2D.Animation.Runtime.csproj", "{4D9E9BF7-3CE9-0E50-73D6-EE3689305249}"
EndProject
Project("{FAE04EC0-301F-11D3-BF4B-00C04F79EFBC}") = "Unity.2D.Tilemap.Extras", "Unity.2D.Tilemap.Extras.csproj", "{A7111089-9158-B1B7-C8D6-EFE7E47B9910}"
EndProject
Project("{FAE04EC0-301F-11D3-BF4B-00C04F79EFBC}") = "Unity.XR.Management", "Unity.XR.Management.csproj", "{FF2098D9-3D3C-5309-6AF3-D55F63174C00}"
EndProject
Project("{FAE04EC0-301F-11D3-BF4B-00C04F79EFBC}") = "Unity.2D.IK.Runtime", "Unity.2D.IK.Runtime.csproj", "{30C4AF8C-F21C-0EDE-9C87-A845567BF51C}"
EndProject
Project("{FAE04EC0-301F-11D3-BF4B-00C04F79EFBC}") = "Unity.2D.SpriteShape.Runtime", "Unity.2D.SpriteShape.Runtime.csproj", "{05674ACE-6085-C731-1491-AC57236EB980}"
EndProject
Project("{FAE04EC0-301F-11D3-BF4B-00C04F79EFBC}") = "Unity.2D.Common.Runtime", "Unity.2D.Common.Runtime.csproj", "{38D9210B-DD8B-8AC5-BE7C-5F229455D130}"
EndProject
Project("{FAE04EC0-301F-11D3-BF4B-00C04F79EFBC}") = "Unity.2D.PixelPerfect", "Unity.2D.PixelPerfect.csproj", "{F468A637-C2B0-322D-C09A-F02C22E68EAB}"
EndProject
Project("{FAE04EC0-301F-11D3-BF4B-00C04F79EFBC}") = "Unity.InternalAPIEngineBridge.001", "Unity.InternalAPIEngineBridge.001.csproj", "{A031D76D-A2A7-D759-5622-1C62EFE3BD53}"
EndProject
Project("{FAE04EC0-301F-11D3-BF4B-00C04F79EFBC}") = "Unity.XR.Management.Editor", "Unity.XR.Management.Editor.csproj", "{851991E1-C86B-0DCE-A24D-18A40E3C2FB7}"
EndProject
Project("{FAE04EC0-301F-11D3-BF4B-00C04F79EFBC}") = "UnityEditor.TestRunner", "UnityEditor.TestRunner.csproj", "{CD285992-2AC0-1158-901A-4A27D2EC6305}"
EndProject
Project("{FAE04EC0-301F-11D3-BF4B-00C04F79EFBC}") = "Unity.2D.Psdimporter.Editor", "Unity.2D.Psdimporter.Editor.csproj", "{7BB5BBA6-6FE4-1CFF-59E8-10A000120541}"
EndProject
Project("{FAE04EC0-301F-11D3-BF4B-00C04F79EFBC}") = "Unity.PlasticSCM.Editor", "Unity.PlasticSCM.Editor.csproj", "{F9C10673-BA14-84C1-99CE-8FC61587C082}"
EndProject
Project("{FAE04EC0-301F-11D3-BF4B-00C04F79EFBC}") = "UnityEditor.UI", "UnityEditor.UI.csproj", "{F5616D73-C6D4-9E85-423E-50F18CDD721A}"
EndProject
Project("{FAE04EC0-301F-11D3-BF4B-00C04F79EFBC}") = "Unity.Timeline.Editor", "Unity.Timeline.Editor.csproj", "{FA67A228-2E0A-AEA4-0305-5F61EEBC183B}"
EndProject
Project("{FAE04EC0-301F-11D3-BF4B-00C04F79EFBC}") = "Unity.VisualStudio.Editor", "Unity.VisualStudio.Editor.csproj", "{FD32DD30-D72D-A3EA-D6D8-2800A1E4C0ED}"
EndProject
Project("{FAE04EC0-301F-11D3-BF4B-00C04F79EFBC}") = "Unity.2D.Animation.Editor", "Unity.2D.Animation.Editor.csproj", "{C5FD3BEE-5149-F84A-96A0-11F223218DC9}"
EndProject
Project("{FAE04EC0-301F-11D3-BF4B-00C04F79EFBC}") = "Unity.TextMeshPro.Editor", "Unity.TextMeshPro.Editor.csproj", "{B5BD53EC-B79B-0F8D-9588-C85910E07CE7}"
EndProject
Project("{FAE04EC0-301F-11D3-BF4B-00C04F79EFBC}") = "Unity.2D.SpriteShape.Editor", "Unity.2D.SpriteShape.Editor.csproj", "{7AC35777-62AC-532E-EEC4-63C2A278901F}"
EndProject
Project("{FAE04EC0-301F-11D3-BF4B-00C04F79EFBC}") = "Unity.2D.PixelPerfect.Editor", "Unity.2D.PixelPerfect.Editor.csproj", "{9463A279-0D9A-0B8E-B337-0AFDB2304F57}"
EndProject
Project("{FAE04EC0-301F-11D3-BF4B-00C04F79EFBC}") = "PsdPlugin", "PsdPlugin.csproj", "{D91A4DEB-CE0D-A5E9-E0EC-9FC38554E86A}"
EndProject
Project("{FAE04EC0-301F-11D3-BF4B-00C04F79EFBC}") = "Unity.2D.Tilemap.Editor", "Unity.2D.Tilemap.Editor.csproj", "{F4D8B131-4636-3565-64E3-D00AF7D5228D}"
EndProject
Project("{FAE04EC0-301F-11D3-BF4B-00C04F79EFBC}") = "Unity.2D.Path.Editor", "Unity.2D.Path.Editor.csproj", "{3EAC9A5D-F4C2-AE5E-4F98-DDA2FB789322}"
EndProject
Project("{FAE04EC0-301F-11D3-BF4B-00C04F79EFBC}") = "Unity.Rider.Editor", "Unity.Rider.Editor.csproj", "{39361453-3A9F-0C8E-72ED-36726355602D}"
EndProject
Project("{FAE04EC0-301F-11D3-BF4B-00C04F79EFBC}") = "Unity.2D.Sprite.Editor", "Unity.2D.Sprite.Editor.csproj", "{200C7441-A6CD-FE27-7094-8CA46064138B}"
EndProject
Project("{FAE04EC0-301F-11D3-BF4B-00C04F79EFBC}") = "UnityEditor.XR.LegacyInputHelpers", "UnityEditor.XR.LegacyInputHelpers.csproj", "{F2B59543-A082-EF61-5D6A-46BCE3D820B9}"
EndProject
Project("{FAE04EC0-301F-11D3-BF4B-00C04F79EFBC}") = "Unity.2D.IK.Editor", "Unity.2D.IK.Editor.csproj", "{0187DF90-19D6-CCF0-93A1-63DCF38D7D4C}"
EndProject
Project("{FAE04EC0-301F-11D3-BF4B-00C04F79EFBC}") = "Unity.Burst.Editor", "Unity.Burst.Editor.csproj", "{AF8E0522-8B86-0045-DF08-07291688C758}"
EndProject
Project("{FAE04EC0-301F-11D3-BF4B-00C04F79EFBC}") = "Unity.Burst.CodeGen", "Unity.Burst.CodeGen.csproj", "{51F86018-64F9-FACE-FD1B-5FB1580423B8}"
EndProject
Project("{FAE04EC0-301F-11D3-BF4B-00C04F79EFBC}") = "Unity.2D.Tilemap.Extras.Editor", "Unity.2D.Tilemap.Extras.Editor.csproj", "{6F51198C-BDE5-16F3-8AE6-4D052BDECDFA}"
EndProject
Project("{FAE04EC0-301F-11D3-BF4B-00C04F79EFBC}") = "Unity.VSCode.Editor", "Unity.VSCode.Editor.csproj", "{60C37E9B-BFB4-1700-6FA5-9E32CD63EED3}"
EndProject
Project("{FAE04EC0-301F-11D3-BF4B-00C04F79EFBC}") = "UnityEditor.SpatialTracking", "UnityEditor.SpatialTracking.csproj", "{41F11BF0-6F37-42D9-66BE-776E6DABF710}"
EndProject
Project("{FAE04EC0-301F-11D3-BF4B-00C04F79EFBC}") = "Unity.2D.Common.Editor", "Unity.2D.Common.Editor.csproj", "{267DE18A-B029-58D8-A154-F273F646C283}"
EndProject
Project("{FAE04EC0-301F-11D3-BF4B-00C04F79EFBC}") = "Unity.Mathematics.Editor", "Unity.Mathematics.Editor.csproj", "{88535D1E-6196-28FF-2CAF-7618F627C613}"
EndProject
Project("{FAE04EC0-301F-11D3-BF4B-00C04F79EFBC}") = "Unity.CollabProxy.Editor", "Unity.CollabProxy.Editor.csproj", "{9D1C1C1D-62FC-961A-A986-16D33A6A4547}"
EndProject
Project("{FAE04EC0-301F-11D3-BF4B-00C04F79EFBC}") = "Unity.InternalAPIEditorBridge.001", "Unity.InternalAPIEditorBridge.001.csproj", "{B16C8715-DAF4-7D19-DC8C-3E24A03CF309}"
EndProject
Project("{FAE04EC0-301F-11D3-BF4B-00C04F79EFBC}") = "Unity.XR.Oculus.Editor", "Unity.XR.Oculus.Editor.csproj", "{8204FE8B-15AA-20FB-2581-EA4872441FF6}"
EndProject
Project("{FAE04EC0-301F-11D3-BF4B-00C04F79EFBC}") = "UnityEngine.UI", "UnityEngine.UI.Player.csproj", "{052A4BDE-E708-40FE-2F3C-F16BF0289A14}"
EndProject
Project("{FAE04EC0-301F-11D3-BF4B-00C04F79EFBC}") = "UnityEngine.SpatialTracking", "UnityEngine.SpatialTracking.Player.csproj", "{2EB10F43-F1D1-8AE8-DEAF-CD0DE644AF76}"
EndProject
Project("{FAE04EC0-301F-11D3-BF4B-00C04F79EFBC}") = "Assembly-CSharp", "Assembly-CSharp.Player.csproj", "{D7150094-F923-0C2A-B348-FA262334D326}"
EndProject
Project("{FAE04EC0-301F-11D3-BF4B-00C04F79EFBC}") = "UnityEngine.TestRunner", "UnityEngine.TestRunner.Player.csproj", "{96AC4DFA-1E9B-EAA2-2A75-C89280C6B099}"
EndProject
Project("{FAE04EC0-301F-11D3-BF4B-00C04F79EFBC}") = "Unity.Mathematics", "Unity.Mathematics.Player.csproj", "{CD75A79D-0696-6921-F951-3B8729C72738}"
EndProject
Project("{FAE04EC0-301F-11D3-BF4B-00C04F79EFBC}") = "UnityEngine.XR.LegacyInputHelpers", "UnityEngine.XR.LegacyInputHelpers.Player.csproj", "{DF5F54F2-F404-340E-D539-1C4142549B91}"
EndProject
Project("{FAE04EC0-301F-11D3-BF4B-00C04F79EFBC}") = "Unity.Timeline", "Unity.Timeline.Player.csproj", "{CB97A115-0E63-8E6F-608D-874D9D0F5D56}"
EndProject
Project("{FAE04EC0-301F-11D3-BF4B-00C04F79EFBC}") = "Unity.TextMeshPro", "Unity.TextMeshPro.Player.csproj", "{F79F5A2A-AA5A-C50D-B082-44DCEB6DC62E}"
EndProject
Project("{FAE04EC0-301F-11D3-BF4B-00C04F79EFBC}") = "Unity.XR.Oculus", "Unity.XR.Oculus.Player.csproj", "{495D88E4-FA57-C3DF-B87C-5D493DFA149A}"
EndProject
Project("{FAE04EC0-301F-11D3-BF4B-00C04F79EFBC}") = "Unity.Burst", "Unity.Burst.Player.csproj", "{D6EA20FD-77C1-075E-5EC6-56B1A91FCDD8}"
EndProject
Project("{FAE04EC0-301F-11D3-BF4B-00C04F79EFBC}") = "Unity.2D.Animation.Runtime", "Unity.2D.Animation.Runtime.Player.csproj", "{7474E1B7-65D5-3408-DD1A-F46F0ED27708}"
EndProject
Project("{FAE04EC0-301F-11D3-BF4B-00C04F79EFBC}") = "Unity.2D.Tilemap.Extras", "Unity.2D.Tilemap.Extras.Player.csproj", "{1436B1FD-5FC3-6A5D-33C8-0E493629443B}"
EndProject
Project("{FAE04EC0-301F-11D3-BF4B-00C04F79EFBC}") = "Unity.XR.Management", "Unity.XR.Management.Player.csproj", "{5C31F448-1EC6-5AEC-73CA-1164727BBD3F}"
EndProject
Project("{FAE04EC0-301F-11D3-BF4B-00C04F79EFBC}") = "Unity.2D.IK.Runtime", "Unity.2D.IK.Runtime.Player.csproj", "{5D2243A0-5FEA-8FED-2C9D-786D2E40FC3F}"
EndProject
Project("{FAE04EC0-301F-11D3-BF4B-00C04F79EFBC}") = "Unity.2D.SpriteShape.Runtime", "Unity.2D.SpriteShape.Runtime.Player.csproj", "{93DE197E-A1CF-5D59-EBBC-82B8118C502F}"
EndProject
Project("{FAE04EC0-301F-11D3-BF4B-00C04F79EFBC}") = "Unity.2D.Common.Runtime", "Unity.2D.Common.Runtime.Player.csproj", "{A03BB91A-333C-EAC9-0740-EB9BBC59748D}"
EndProject
Project("{FAE04EC0-301F-11D3-BF4B-00C04F79EFBC}") = "Unity.2D.PixelPerfect", "Unity.2D.PixelPerfect.Player.csproj", "{1E2129D9-E290-6917-793E-B05EEBAB12B0}"
EndProject
Project("{FAE04EC0-301F-11D3-BF4B-00C04F79EFBC}") = "Unity.InternalAPIEngineBridge.001", "Unity.InternalAPIEngineBridge.001.Player.csproj", "{368546B2-721D-9271-5082-426F59ED12AA}"
EndProject
Global
	GlobalSection(SolutionConfigurationPlatforms) = preSolution
		Debug|Any CPU = Debug|Any CPU
		Release|Any CPU = Release|Any CPU
	EndGlobalSection
	GlobalSection(ProjectConfigurationPlatforms) = postSolution
		{26E8A184-ADB1-FCF2-F2BB-E401C176F6A3}.Debug|Any CPU.ActiveCfg = Debug|Any CPU
		{26E8A184-ADB1-FCF2-F2BB-E401C176F6A3}.Debug|Any CPU.Build.0 = Debug|Any CPU
		{26E8A184-ADB1-FCF2-F2BB-E401C176F6A3}.Release|Any CPU.ActiveCfg = Release|Any CPU
		{26E8A184-ADB1-FCF2-F2BB-E401C176F6A3}.Release|Any CPU.Build.0 = Release|Any CPU
		{4FBE0F86-F748-3919-6E4A-0D6E8AA14D67}.Debug|Any CPU.ActiveCfg = Debug|Any CPU
		{4FBE0F86-F748-3919-6E4A-0D6E8AA14D67}.Debug|Any CPU.Build.0 = Debug|Any CPU
		{4FBE0F86-F748-3919-6E4A-0D6E8AA14D67}.Release|Any CPU.ActiveCfg = Release|Any CPU
		{4FBE0F86-F748-3919-6E4A-0D6E8AA14D67}.Release|Any CPU.Build.0 = Release|Any CPU
		{ECEDF4F1-9862-E424-0274-0184961B02AB}.Debug|Any CPU.ActiveCfg = Debug|Any CPU
		{ECEDF4F1-9862-E424-0274-0184961B02AB}.Debug|Any CPU.Build.0 = Debug|Any CPU
		{ECEDF4F1-9862-E424-0274-0184961B02AB}.Release|Any CPU.ActiveCfg = Release|Any CPU
		{ECEDF4F1-9862-E424-0274-0184961B02AB}.Release|Any CPU.Build.0 = Release|Any CPU
		{77205024-39F7-34A3-127C-093E12726C6F}.Debug|Any CPU.ActiveCfg = Debug|Any CPU
		{77205024-39F7-34A3-127C-093E12726C6F}.Debug|Any CPU.Build.0 = Debug|Any CPU
		{77205024-39F7-34A3-127C-093E12726C6F}.Release|Any CPU.ActiveCfg = Release|Any CPU
		{77205024-39F7-34A3-127C-093E12726C6F}.Release|Any CPU.Build.0 = Release|Any CPU
		{48EBDA85-CFF0-CB8D-FE70-526E0B7E65DA}.Debug|Any CPU.ActiveCfg = Debug|Any CPU
		{48EBDA85-CFF0-CB8D-FE70-526E0B7E65DA}.Debug|Any CPU.Build.0 = Debug|Any CPU
		{48EBDA85-CFF0-CB8D-FE70-526E0B7E65DA}.Release|Any CPU.ActiveCfg = Release|Any CPU
		{48EBDA85-CFF0-CB8D-FE70-526E0B7E65DA}.Release|Any CPU.Build.0 = Release|Any CPU
		{1F31B2F1-5F07-CD43-1E2C-1DDF6D2CE9EA}.Debug|Any CPU.ActiveCfg = Debug|Any CPU
		{1F31B2F1-5F07-CD43-1E2C-1DDF6D2CE9EA}.Debug|Any CPU.Build.0 = Debug|Any CPU
		{1F31B2F1-5F07-CD43-1E2C-1DDF6D2CE9EA}.Release|Any CPU.ActiveCfg = Release|Any CPU
		{1F31B2F1-5F07-CD43-1E2C-1DDF6D2CE9EA}.Release|Any CPU.Build.0 = Release|Any CPU
		{CD17BF92-E484-34A7-36C2-FB86EB25305E}.Debug|Any CPU.ActiveCfg = Debug|Any CPU
		{CD17BF92-E484-34A7-36C2-FB86EB25305E}.Debug|Any CPU.Build.0 = Debug|Any CPU
		{CD17BF92-E484-34A7-36C2-FB86EB25305E}.Release|Any CPU.ActiveCfg = Release|Any CPU
		{CD17BF92-E484-34A7-36C2-FB86EB25305E}.Release|Any CPU.Build.0 = Release|Any CPU
		{A72A30BD-9E51-724D-CBAC-0A7BC4101730}.Debug|Any CPU.ActiveCfg = Debug|Any CPU
		{A72A30BD-9E51-724D-CBAC-0A7BC4101730}.Debug|Any CPU.Build.0 = Debug|Any CPU
		{A72A30BD-9E51-724D-CBAC-0A7BC4101730}.Release|Any CPU.ActiveCfg = Release|Any CPU
		{A72A30BD-9E51-724D-CBAC-0A7BC4101730}.Release|Any CPU.Build.0 = Release|Any CPU
		{7A5B0FE1-A3EB-FF3C-2EC6-D14CA6D1C091}.Debug|Any CPU.ActiveCfg = Debug|Any CPU
		{7A5B0FE1-A3EB-FF3C-2EC6-D14CA6D1C091}.Debug|Any CPU.Build.0 = Debug|Any CPU
		{7A5B0FE1-A3EB-FF3C-2EC6-D14CA6D1C091}.Release|Any CPU.ActiveCfg = Release|Any CPU
		{7A5B0FE1-A3EB-FF3C-2EC6-D14CA6D1C091}.Release|Any CPU.Build.0 = Release|Any CPU
		{77D8E47C-9FF9-4A72-7CCB-9813124D54C7}.Debug|Any CPU.ActiveCfg = Debug|Any CPU
		{77D8E47C-9FF9-4A72-7CCB-9813124D54C7}.Debug|Any CPU.Build.0 = Debug|Any CPU
		{77D8E47C-9FF9-4A72-7CCB-9813124D54C7}.Release|Any CPU.ActiveCfg = Release|Any CPU
		{77D8E47C-9FF9-4A72-7CCB-9813124D54C7}.Release|Any CPU.Build.0 = Release|Any CPU
		{4D9E9BF7-3CE9-0E50-73D6-EE3689305249}.Debug|Any CPU.ActiveCfg = Debug|Any CPU
		{4D9E9BF7-3CE9-0E50-73D6-EE3689305249}.Debug|Any CPU.Build.0 = Debug|Any CPU
		{4D9E9BF7-3CE9-0E50-73D6-EE3689305249}.Release|Any CPU.ActiveCfg = Release|Any CPU
		{4D9E9BF7-3CE9-0E50-73D6-EE3689305249}.Release|Any CPU.Build.0 = Release|Any CPU
		{A7111089-9158-B1B7-C8D6-EFE7E47B9910}.Debug|Any CPU.ActiveCfg = Debug|Any CPU
		{A7111089-9158-B1B7-C8D6-EFE7E47B9910}.Debug|Any CPU.Build.0 = Debug|Any CPU
		{A7111089-9158-B1B7-C8D6-EFE7E47B9910}.Release|Any CPU.ActiveCfg = Release|Any CPU
		{A7111089-9158-B1B7-C8D6-EFE7E47B9910}.Release|Any CPU.Build.0 = Release|Any CPU
		{FF2098D9-3D3C-5309-6AF3-D55F63174C00}.Debug|Any CPU.ActiveCfg = Debug|Any CPU
		{FF2098D9-3D3C-5309-6AF3-D55F63174C00}.Debug|Any CPU.Build.0 = Debug|Any CPU
		{FF2098D9-3D3C-5309-6AF3-D55F63174C00}.Release|Any CPU.ActiveCfg = Release|Any CPU
		{FF2098D9-3D3C-5309-6AF3-D55F63174C00}.Release|Any CPU.Build.0 = Release|Any CPU
		{30C4AF8C-F21C-0EDE-9C87-A845567BF51C}.Debug|Any CPU.ActiveCfg = Debug|Any CPU
		{30C4AF8C-F21C-0EDE-9C87-A845567BF51C}.Debug|Any CPU.Build.0 = Debug|Any CPU
		{30C4AF8C-F21C-0EDE-9C87-A845567BF51C}.Release|Any CPU.ActiveCfg = Release|Any CPU
		{30C4AF8C-F21C-0EDE-9C87-A845567BF51C}.Release|Any CPU.Build.0 = Release|Any CPU
		{05674ACE-6085-C731-1491-AC57236EB980}.Debug|Any CPU.ActiveCfg = Debug|Any CPU
		{05674ACE-6085-C731-1491-AC57236EB980}.Debug|Any CPU.Build.0 = Debug|Any CPU
		{05674ACE-6085-C731-1491-AC57236EB980}.Release|Any CPU.ActiveCfg = Release|Any CPU
		{05674ACE-6085-C731-1491-AC57236EB980}.Release|Any CPU.Build.0 = Release|Any CPU
		{38D9210B-DD8B-8AC5-BE7C-5F229455D130}.Debug|Any CPU.ActiveCfg = Debug|Any CPU
		{38D9210B-DD8B-8AC5-BE7C-5F229455D130}.Debug|Any CPU.Build.0 = Debug|Any CPU
		{38D9210B-DD8B-8AC5-BE7C-5F229455D130}.Release|Any CPU.ActiveCfg = Release|Any CPU
		{38D9210B-DD8B-8AC5-BE7C-5F229455D130}.Release|Any CPU.Build.0 = Release|Any CPU
		{F468A637-C2B0-322D-C09A-F02C22E68EAB}.Debug|Any CPU.ActiveCfg = Debug|Any CPU
		{F468A637-C2B0-322D-C09A-F02C22E68EAB}.Debug|Any CPU.Build.0 = Debug|Any CPU
		{F468A637-C2B0-322D-C09A-F02C22E68EAB}.Release|Any CPU.ActiveCfg = Release|Any CPU
		{F468A637-C2B0-322D-C09A-F02C22E68EAB}.Release|Any CPU.Build.0 = Release|Any CPU
		{A031D76D-A2A7-D759-5622-1C62EFE3BD53}.Debug|Any CPU.ActiveCfg = Debug|Any CPU
		{A031D76D-A2A7-D759-5622-1C62EFE3BD53}.Debug|Any CPU.Build.0 = Debug|Any CPU
		{A031D76D-A2A7-D759-5622-1C62EFE3BD53}.Release|Any CPU.ActiveCfg = Release|Any CPU
		{A031D76D-A2A7-D759-5622-1C62EFE3BD53}.Release|Any CPU.Build.0 = Release|Any CPU
		{851991E1-C86B-0DCE-A24D-18A40E3C2FB7}.Debug|Any CPU.ActiveCfg = Debug|Any CPU
		{851991E1-C86B-0DCE-A24D-18A40E3C2FB7}.Debug|Any CPU.Build.0 = Debug|Any CPU
		{851991E1-C86B-0DCE-A24D-18A40E3C2FB7}.Release|Any CPU.ActiveCfg = Release|Any CPU
		{851991E1-C86B-0DCE-A24D-18A40E3C2FB7}.Release|Any CPU.Build.0 = Release|Any CPU
		{CD285992-2AC0-1158-901A-4A27D2EC6305}.Debug|Any CPU.ActiveCfg = Debug|Any CPU
		{CD285992-2AC0-1158-901A-4A27D2EC6305}.Debug|Any CPU.Build.0 = Debug|Any CPU
		{CD285992-2AC0-1158-901A-4A27D2EC6305}.Release|Any CPU.ActiveCfg = Release|Any CPU
		{CD285992-2AC0-1158-901A-4A27D2EC6305}.Release|Any CPU.Build.0 = Release|Any CPU
		{7BB5BBA6-6FE4-1CFF-59E8-10A000120541}.Debug|Any CPU.ActiveCfg = Debug|Any CPU
		{7BB5BBA6-6FE4-1CFF-59E8-10A000120541}.Debug|Any CPU.Build.0 = Debug|Any CPU
		{7BB5BBA6-6FE4-1CFF-59E8-10A000120541}.Release|Any CPU.ActiveCfg = Release|Any CPU
		{7BB5BBA6-6FE4-1CFF-59E8-10A000120541}.Release|Any CPU.Build.0 = Release|Any CPU
		{F9C10673-BA14-84C1-99CE-8FC61587C082}.Debug|Any CPU.ActiveCfg = Debug|Any CPU
		{F9C10673-BA14-84C1-99CE-8FC61587C082}.Debug|Any CPU.Build.0 = Debug|Any CPU
		{F9C10673-BA14-84C1-99CE-8FC61587C082}.Release|Any CPU.ActiveCfg = Release|Any CPU
		{F9C10673-BA14-84C1-99CE-8FC61587C082}.Release|Any CPU.Build.0 = Release|Any CPU
		{F5616D73-C6D4-9E85-423E-50F18CDD721A}.Debug|Any CPU.ActiveCfg = Debug|Any CPU
		{F5616D73-C6D4-9E85-423E-50F18CDD721A}.Debug|Any CPU.Build.0 = Debug|Any CPU
		{F5616D73-C6D4-9E85-423E-50F18CDD721A}.Release|Any CPU.ActiveCfg = Release|Any CPU
		{F5616D73-C6D4-9E85-423E-50F18CDD721A}.Release|Any CPU.Build.0 = Release|Any CPU
		{FA67A228-2E0A-AEA4-0305-5F61EEBC183B}.Debug|Any CPU.ActiveCfg = Debug|Any CPU
		{FA67A228-2E0A-AEA4-0305-5F61EEBC183B}.Debug|Any CPU.Build.0 = Debug|Any CPU
		{FA67A228-2E0A-AEA4-0305-5F61EEBC183B}.Release|Any CPU.ActiveCfg = Release|Any CPU
		{FA67A228-2E0A-AEA4-0305-5F61EEBC183B}.Release|Any CPU.Build.0 = Release|Any CPU
		{FD32DD30-D72D-A3EA-D6D8-2800A1E4C0ED}.Debug|Any CPU.ActiveCfg = Debug|Any CPU
		{FD32DD30-D72D-A3EA-D6D8-2800A1E4C0ED}.Debug|Any CPU.Build.0 = Debug|Any CPU
		{FD32DD30-D72D-A3EA-D6D8-2800A1E4C0ED}.Release|Any CPU.ActiveCfg = Release|Any CPU
		{FD32DD30-D72D-A3EA-D6D8-2800A1E4C0ED}.Release|Any CPU.Build.0 = Release|Any CPU
		{C5FD3BEE-5149-F84A-96A0-11F223218DC9}.Debug|Any CPU.ActiveCfg = Debug|Any CPU
		{C5FD3BEE-5149-F84A-96A0-11F223218DC9}.Debug|Any CPU.Build.0 = Debug|Any CPU
		{C5FD3BEE-5149-F84A-96A0-11F223218DC9}.Release|Any CPU.ActiveCfg = Release|Any CPU
		{C5FD3BEE-5149-F84A-96A0-11F223218DC9}.Release|Any CPU.Build.0 = Release|Any CPU
		{B5BD53EC-B79B-0F8D-9588-C85910E07CE7}.Debug|Any CPU.ActiveCfg = Debug|Any CPU
		{B5BD53EC-B79B-0F8D-9588-C85910E07CE7}.Debug|Any CPU.Build.0 = Debug|Any CPU
		{B5BD53EC-B79B-0F8D-9588-C85910E07CE7}.Release|Any CPU.ActiveCfg = Release|Any CPU
		{B5BD53EC-B79B-0F8D-9588-C85910E07CE7}.Release|Any CPU.Build.0 = Release|Any CPU
		{7AC35777-62AC-532E-EEC4-63C2A278901F}.Debug|Any CPU.ActiveCfg = Debug|Any CPU
		{7AC35777-62AC-532E-EEC4-63C2A278901F}.Debug|Any CPU.Build.0 = Debug|Any CPU
		{7AC35777-62AC-532E-EEC4-63C2A278901F}.Release|Any CPU.ActiveCfg = Release|Any CPU
		{7AC35777-62AC-532E-EEC4-63C2A278901F}.Release|Any CPU.Build.0 = Release|Any CPU
		{9463A279-0D9A-0B8E-B337-0AFDB2304F57}.Debug|Any CPU.ActiveCfg = Debug|Any CPU
		{9463A279-0D9A-0B8E-B337-0AFDB2304F57}.Debug|Any CPU.Build.0 = Debug|Any CPU
		{9463A279-0D9A-0B8E-B337-0AFDB2304F57}.Release|Any CPU.ActiveCfg = Release|Any CPU
		{9463A279-0D9A-0B8E-B337-0AFDB2304F57}.Release|Any CPU.Build.0 = Release|Any CPU
		{D91A4DEB-CE0D-A5E9-E0EC-9FC38554E86A}.Debug|Any CPU.ActiveCfg = Debug|Any CPU
		{D91A4DEB-CE0D-A5E9-E0EC-9FC38554E86A}.Debug|Any CPU.Build.0 = Debug|Any CPU
		{D91A4DEB-CE0D-A5E9-E0EC-9FC38554E86A}.Release|Any CPU.ActiveCfg = Release|Any CPU
		{D91A4DEB-CE0D-A5E9-E0EC-9FC38554E86A}.Release|Any CPU.Build.0 = Release|Any CPU
		{F4D8B131-4636-3565-64E3-D00AF7D5228D}.Debug|Any CPU.ActiveCfg = Debug|Any CPU
		{F4D8B131-4636-3565-64E3-D00AF7D5228D}.Debug|Any CPU.Build.0 = Debug|Any CPU
		{F4D8B131-4636-3565-64E3-D00AF7D5228D}.Release|Any CPU.ActiveCfg = Release|Any CPU
		{F4D8B131-4636-3565-64E3-D00AF7D5228D}.Release|Any CPU.Build.0 = Release|Any CPU
		{3EAC9A5D-F4C2-AE5E-4F98-DDA2FB789322}.Debug|Any CPU.ActiveCfg = Debug|Any CPU
		{3EAC9A5D-F4C2-AE5E-4F98-DDA2FB789322}.Debug|Any CPU.Build.0 = Debug|Any CPU
		{3EAC9A5D-F4C2-AE5E-4F98-DDA2FB789322}.Release|Any CPU.ActiveCfg = Release|Any CPU
		{3EAC9A5D-F4C2-AE5E-4F98-DDA2FB789322}.Release|Any CPU.Build.0 = Release|Any CPU
		{39361453-3A9F-0C8E-72ED-36726355602D}.Debug|Any CPU.ActiveCfg = Debug|Any CPU
		{39361453-3A9F-0C8E-72ED-36726355602D}.Debug|Any CPU.Build.0 = Debug|Any CPU
		{39361453-3A9F-0C8E-72ED-36726355602D}.Release|Any CPU.ActiveCfg = Release|Any CPU
		{39361453-3A9F-0C8E-72ED-36726355602D}.Release|Any CPU.Build.0 = Release|Any CPU
		{200C7441-A6CD-FE27-7094-8CA46064138B}.Debug|Any CPU.ActiveCfg = Debug|Any CPU
		{200C7441-A6CD-FE27-7094-8CA46064138B}.Debug|Any CPU.Build.0 = Debug|Any CPU
		{200C7441-A6CD-FE27-7094-8CA46064138B}.Release|Any CPU.ActiveCfg = Release|Any CPU
		{200C7441-A6CD-FE27-7094-8CA46064138B}.Release|Any CPU.Build.0 = Release|Any CPU
		{F2B59543-A082-EF61-5D6A-46BCE3D820B9}.Debug|Any CPU.ActiveCfg = Debug|Any CPU
		{F2B59543-A082-EF61-5D6A-46BCE3D820B9}.Debug|Any CPU.Build.0 = Debug|Any CPU
		{F2B59543-A082-EF61-5D6A-46BCE3D820B9}.Release|Any CPU.ActiveCfg = Release|Any CPU
		{F2B59543-A082-EF61-5D6A-46BCE3D820B9}.Release|Any CPU.Build.0 = Release|Any CPU
		{0187DF90-19D6-CCF0-93A1-63DCF38D7D4C}.Debug|Any CPU.ActiveCfg = Debug|Any CPU
		{0187DF90-19D6-CCF0-93A1-63DCF38D7D4C}.Debug|Any CPU.Build.0 = Debug|Any CPU
		{0187DF90-19D6-CCF0-93A1-63DCF38D7D4C}.Release|Any CPU.ActiveCfg = Release|Any CPU
		{0187DF90-19D6-CCF0-93A1-63DCF38D7D4C}.Release|Any CPU.Build.0 = Release|Any CPU
		{AF8E0522-8B86-0045-DF08-07291688C758}.Debug|Any CPU.ActiveCfg = Debug|Any CPU
		{AF8E0522-8B86-0045-DF08-07291688C758}.Debug|Any CPU.Build.0 = Debug|Any CPU
		{AF8E0522-8B86-0045-DF08-07291688C758}.Release|Any CPU.ActiveCfg = Release|Any CPU
		{AF8E0522-8B86-0045-DF08-07291688C758}.Release|Any CPU.Build.0 = Release|Any CPU
		{51F86018-64F9-FACE-FD1B-5FB1580423B8}.Debug|Any CPU.ActiveCfg = Debug|Any CPU
		{51F86018-64F9-FACE-FD1B-5FB1580423B8}.Debug|Any CPU.Build.0 = Debug|Any CPU
		{51F86018-64F9-FACE-FD1B-5FB1580423B8}.Release|Any CPU.ActiveCfg = Release|Any CPU
		{51F86018-64F9-FACE-FD1B-5FB1580423B8}.Release|Any CPU.Build.0 = Release|Any CPU
		{6F51198C-BDE5-16F3-8AE6-4D052BDECDFA}.Debug|Any CPU.ActiveCfg = Debug|Any CPU
		{6F51198C-BDE5-16F3-8AE6-4D052BDECDFA}.Debug|Any CPU.Build.0 = Debug|Any CPU
		{6F51198C-BDE5-16F3-8AE6-4D052BDECDFA}.Release|Any CPU.ActiveCfg = Release|Any CPU
		{6F51198C-BDE5-16F3-8AE6-4D052BDECDFA}.Release|Any CPU.Build.0 = Release|Any CPU
		{60C37E9B-BFB4-1700-6FA5-9E32CD63EED3}.Debug|Any CPU.ActiveCfg = Debug|Any CPU
		{60C37E9B-BFB4-1700-6FA5-9E32CD63EED3}.Debug|Any CPU.Build.0 = Debug|Any CPU
		{60C37E9B-BFB4-1700-6FA5-9E32CD63EED3}.Release|Any CPU.ActiveCfg = Release|Any CPU
		{60C37E9B-BFB4-1700-6FA5-9E32CD63EED3}.Release|Any CPU.Build.0 = Release|Any CPU
		{41F11BF0-6F37-42D9-66BE-776E6DABF710}.Debug|Any CPU.ActiveCfg = Debug|Any CPU
		{41F11BF0-6F37-42D9-66BE-776E6DABF710}.Debug|Any CPU.Build.0 = Debug|Any CPU
		{41F11BF0-6F37-42D9-66BE-776E6DABF710}.Release|Any CPU.ActiveCfg = Release|Any CPU
		{41F11BF0-6F37-42D9-66BE-776E6DABF710}.Release|Any CPU.Build.0 = Release|Any CPU
		{267DE18A-B029-58D8-A154-F273F646C283}.Debug|Any CPU.ActiveCfg = Debug|Any CPU
		{267DE18A-B029-58D8-A154-F273F646C283}.Debug|Any CPU.Build.0 = Debug|Any CPU
		{267DE18A-B029-58D8-A154-F273F646C283}.Release|Any CPU.ActiveCfg = Release|Any CPU
		{267DE18A-B029-58D8-A154-F273F646C283}.Release|Any CPU.Build.0 = Release|Any CPU
		{88535D1E-6196-28FF-2CAF-7618F627C613}.Debug|Any CPU.ActiveCfg = Debug|Any CPU
		{88535D1E-6196-28FF-2CAF-7618F627C613}.Debug|Any CPU.Build.0 = Debug|Any CPU
		{88535D1E-6196-28FF-2CAF-7618F627C613}.Release|Any CPU.ActiveCfg = Release|Any CPU
		{88535D1E-6196-28FF-2CAF-7618F627C613}.Release|Any CPU.Build.0 = Release|Any CPU
		{9D1C1C1D-62FC-961A-A986-16D33A6A4547}.Debug|Any CPU.ActiveCfg = Debug|Any CPU
		{9D1C1C1D-62FC-961A-A986-16D33A6A4547}.Debug|Any CPU.Build.0 = Debug|Any CPU
		{9D1C1C1D-62FC-961A-A986-16D33A6A4547}.Release|Any CPU.ActiveCfg = Release|Any CPU
		{9D1C1C1D-62FC-961A-A986-16D33A6A4547}.Release|Any CPU.Build.0 = Release|Any CPU
		{B16C8715-DAF4-7D19-DC8C-3E24A03CF309}.Debug|Any CPU.ActiveCfg = Debug|Any CPU
		{B16C8715-DAF4-7D19-DC8C-3E24A03CF309}.Debug|Any CPU.Build.0 = Debug|Any CPU
		{B16C8715-DAF4-7D19-DC8C-3E24A03CF309}.Release|Any CPU.ActiveCfg = Release|Any CPU
		{B16C8715-DAF4-7D19-DC8C-3E24A03CF309}.Release|Any CPU.Build.0 = Release|Any CPU
		{8204FE8B-15AA-20FB-2581-EA4872441FF6}.Debug|Any CPU.ActiveCfg = Debug|Any CPU
		{8204FE8B-15AA-20FB-2581-EA4872441FF6}.Debug|Any CPU.Build.0 = Debug|Any CPU
		{8204FE8B-15AA-20FB-2581-EA4872441FF6}.Release|Any CPU.ActiveCfg = Release|Any CPU
		{8204FE8B-15AA-20FB-2581-EA4872441FF6}.Release|Any CPU.Build.0 = Release|Any CPU
		{052A4BDE-E708-40FE-2F3C-F16BF0289A14}.Debug|Any CPU.ActiveCfg = Debug|Any CPU
		{052A4BDE-E708-40FE-2F3C-F16BF0289A14}.Debug|Any CPU.Build.0 = Debug|Any CPU
		{052A4BDE-E708-40FE-2F3C-F16BF0289A14}.Release|Any CPU.ActiveCfg = Release|Any CPU
		{052A4BDE-E708-40FE-2F3C-F16BF0289A14}.Release|Any CPU.Build.0 = Release|Any CPU
		{2EB10F43-F1D1-8AE8-DEAF-CD0DE644AF76}.Debug|Any CPU.ActiveCfg = Debug|Any CPU
		{2EB10F43-F1D1-8AE8-DEAF-CD0DE644AF76}.Debug|Any CPU.Build.0 = Debug|Any CPU
		{2EB10F43-F1D1-8AE8-DEAF-CD0DE644AF76}.Release|Any CPU.ActiveCfg = Release|Any CPU
		{2EB10F43-F1D1-8AE8-DEAF-CD0DE644AF76}.Release|Any CPU.Build.0 = Release|Any CPU
		{D7150094-F923-0C2A-B348-FA262334D326}.Debug|Any CPU.ActiveCfg = Debug|Any CPU
		{D7150094-F923-0C2A-B348-FA262334D326}.Debug|Any CPU.Build.0 = Debug|Any CPU
		{D7150094-F923-0C2A-B348-FA262334D326}.Release|Any CPU.ActiveCfg = Release|Any CPU
		{D7150094-F923-0C2A-B348-FA262334D326}.Release|Any CPU.Build.0 = Release|Any CPU
		{96AC4DFA-1E9B-EAA2-2A75-C89280C6B099}.Debug|Any CPU.ActiveCfg = Debug|Any CPU
		{96AC4DFA-1E9B-EAA2-2A75-C89280C6B099}.Debug|Any CPU.Build.0 = Debug|Any CPU
		{96AC4DFA-1E9B-EAA2-2A75-C89280C6B099}.Release|Any CPU.ActiveCfg = Release|Any CPU
		{96AC4DFA-1E9B-EAA2-2A75-C89280C6B099}.Release|Any CPU.Build.0 = Release|Any CPU
		{CD75A79D-0696-6921-F951-3B8729C72738}.Debug|Any CPU.ActiveCfg = Debug|Any CPU
		{CD75A79D-0696-6921-F951-3B8729C72738}.Debug|Any CPU.Build.0 = Debug|Any CPU
		{CD75A79D-0696-6921-F951-3B8729C72738}.Release|Any CPU.ActiveCfg = Release|Any CPU
		{CD75A79D-0696-6921-F951-3B8729C72738}.Release|Any CPU.Build.0 = Release|Any CPU
		{DF5F54F2-F404-340E-D539-1C4142549B91}.Debug|Any CPU.ActiveCfg = Debug|Any CPU
		{DF5F54F2-F404-340E-D539-1C4142549B91}.Debug|Any CPU.Build.0 = Debug|Any CPU
		{DF5F54F2-F404-340E-D539-1C4142549B91}.Release|Any CPU.ActiveCfg = Release|Any CPU
		{DF5F54F2-F404-340E-D539-1C4142549B91}.Release|Any CPU.Build.0 = Release|Any CPU
		{CB97A115-0E63-8E6F-608D-874D9D0F5D56}.Debug|Any CPU.ActiveCfg = Debug|Any CPU
		{CB97A115-0E63-8E6F-608D-874D9D0F5D56}.Debug|Any CPU.Build.0 = Debug|Any CPU
		{CB97A115-0E63-8E6F-608D-874D9D0F5D56}.Release|Any CPU.ActiveCfg = Release|Any CPU
		{CB97A115-0E63-8E6F-608D-874D9D0F5D56}.Release|Any CPU.Build.0 = Release|Any CPU
		{F79F5A2A-AA5A-C50D-B082-44DCEB6DC62E}.Debug|Any CPU.ActiveCfg = Debug|Any CPU
		{F79F5A2A-AA5A-C50D-B082-44DCEB6DC62E}.Debug|Any CPU.Build.0 = Debug|Any CPU
		{F79F5A2A-AA5A-C50D-B082-44DCEB6DC62E}.Release|Any CPU.ActiveCfg = Release|Any CPU
		{F79F5A2A-AA5A-C50D-B082-44DCEB6DC62E}.Release|Any CPU.Build.0 = Release|Any CPU
		{495D88E4-FA57-C3DF-B87C-5D493DFA149A}.Debug|Any CPU.ActiveCfg = Debug|Any CPU
		{495D88E4-FA57-C3DF-B87C-5D493DFA149A}.Debug|Any CPU.Build.0 = Debug|Any CPU
		{495D88E4-FA57-C3DF-B87C-5D493DFA149A}.Release|Any CPU.ActiveCfg = Release|Any CPU
		{495D88E4-FA57-C3DF-B87C-5D493DFA149A}.Release|Any CPU.Build.0 = Release|Any CPU
		{D6EA20FD-77C1-075E-5EC6-56B1A91FCDD8}.Debug|Any CPU.ActiveCfg = Debug|Any CPU
		{D6EA20FD-77C1-075E-5EC6-56B1A91FCDD8}.Debug|Any CPU.Build.0 = Debug|Any CPU
		{D6EA20FD-77C1-075E-5EC6-56B1A91FCDD8}.Release|Any CPU.ActiveCfg = Release|Any CPU
		{D6EA20FD-77C1-075E-5EC6-56B1A91FCDD8}.Release|Any CPU.Build.0 = Release|Any CPU
		{7474E1B7-65D5-3408-DD1A-F46F0ED27708}.Debug|Any CPU.ActiveCfg = Debug|Any CPU
		{7474E1B7-65D5-3408-DD1A-F46F0ED27708}.Debug|Any CPU.Build.0 = Debug|Any CPU
		{7474E1B7-65D5-3408-DD1A-F46F0ED27708}.Release|Any CPU.ActiveCfg = Release|Any CPU
		{7474E1B7-65D5-3408-DD1A-F46F0ED27708}.Release|Any CPU.Build.0 = Release|Any CPU
		{1436B1FD-5FC3-6A5D-33C8-0E493629443B}.Debug|Any CPU.ActiveCfg = Debug|Any CPU
		{1436B1FD-5FC3-6A5D-33C8-0E493629443B}.Debug|Any CPU.Build.0 = Debug|Any CPU
		{1436B1FD-5FC3-6A5D-33C8-0E493629443B}.Release|Any CPU.ActiveCfg = Release|Any CPU
		{1436B1FD-5FC3-6A5D-33C8-0E493629443B}.Release|Any CPU.Build.0 = Release|Any CPU
		{5C31F448-1EC6-5AEC-73CA-1164727BBD3F}.Debug|Any CPU.ActiveCfg = Debug|Any CPU
		{5C31F448-1EC6-5AEC-73CA-1164727BBD3F}.Debug|Any CPU.Build.0 = Debug|Any CPU
		{5C31F448-1EC6-5AEC-73CA-1164727BBD3F}.Release|Any CPU.ActiveCfg = Release|Any CPU
		{5C31F448-1EC6-5AEC-73CA-1164727BBD3F}.Release|Any CPU.Build.0 = Release|Any CPU
		{5D2243A0-5FEA-8FED-2C9D-786D2E40FC3F}.Debug|Any CPU.ActiveCfg = Debug|Any CPU
		{5D2243A0-5FEA-8FED-2C9D-786D2E40FC3F}.Debug|Any CPU.Build.0 = Debug|Any CPU
		{5D2243A0-5FEA-8FED-2C9D-786D2E40FC3F}.Release|Any CPU.ActiveCfg = Release|Any CPU
		{5D2243A0-5FEA-8FED-2C9D-786D2E40FC3F}.Release|Any CPU.Build.0 = Release|Any CPU
		{93DE197E-A1CF-5D59-EBBC-82B8118C502F}.Debug|Any CPU.ActiveCfg = Debug|Any CPU
		{93DE197E-A1CF-5D59-EBBC-82B8118C502F}.Debug|Any CPU.Build.0 = Debug|Any CPU
		{93DE197E-A1CF-5D59-EBBC-82B8118C502F}.Release|Any CPU.ActiveCfg = Release|Any CPU
		{93DE197E-A1CF-5D59-EBBC-82B8118C502F}.Release|Any CPU.Build.0 = Release|Any CPU
		{A03BB91A-333C-EAC9-0740-EB9BBC59748D}.Debug|Any CPU.ActiveCfg = Debug|Any CPU
		{A03BB91A-333C-EAC9-0740-EB9BBC59748D}.Debug|Any CPU.Build.0 = Debug|Any CPU
		{A03BB91A-333C-EAC9-0740-EB9BBC59748D}.Release|Any CPU.ActiveCfg = Release|Any CPU
		{A03BB91A-333C-EAC9-0740-EB9BBC59748D}.Release|Any CPU.Build.0 = Release|Any CPU
		{1E2129D9-E290-6917-793E-B05EEBAB12B0}.Debug|Any CPU.ActiveCfg = Debug|Any CPU
		{1E2129D9-E290-6917-793E-B05EEBAB12B0}.Debug|Any CPU.Build.0 = Debug|Any CPU
		{1E2129D9-E290-6917-793E-B05EEBAB12B0}.Release|Any CPU.ActiveCfg = Release|Any CPU
		{1E2129D9-E290-6917-793E-B05EEBAB12B0}.Release|Any CPU.Build.0 = Release|Any CPU
		{368546B2-721D-9271-5082-426F59ED12AA}.Debug|Any CPU.ActiveCfg = Debug|Any CPU
		{368546B2-721D-9271-5082-426F59ED12AA}.Debug|Any CPU.Build.0 = Debug|Any CPU
		{368546B2-721D-9271-5082-426F59ED12AA}.Release|Any CPU.ActiveCfg = Release|Any CPU
		{368546B2-721D-9271-5082-426F59ED12AA}.Release|Any CPU.Build.0 = Release|Any CPU
	EndGlobalSection
	GlobalSection(SolutionProperties) = preSolution
		HideSolutionNode = FALSE
	EndGlobalSection
EndGlobal
